
Microsoft Visual Studio Solution File, Format Version 12.00
# Visual Studio Version 16
VisualStudioVersion = 16.0.32002.261
MinimumVisualStudioVersion = 10.0.40219.1
Project("{FAE04EC0-301F-11D3-BF4B-00C04F79EFBC}") = "milestone 3", "milestone 3\milestone 3.csproj", "{ADFFE92F-2BB1-47A3-A8A7-90382FF630BC}"
EndProject
Global
	GlobalSection(SolutionConfigurationPlatforms) = preSolution
		Debug|Any CPU = Debug|Any CPU
		Release|Any CPU = Release|Any CPU
	EndGlobalSection
	GlobalSection(ProjectConfigurationPlatforms) = postSolution
		{ADFFE92F-2BB1-47A3-A8A7-90382FF630BC}.Debug|Any CPU.ActiveCfg = Debug|Any CPU
		{ADFFE92F-2BB1-47A3-A8A7-90382FF630BC}.Debug|Any CPU.Build.0 = Debug|Any CPU
		{ADFFE92F-2BB1-47A3-A8A7-90382FF630BC}.Release|Any CPU.ActiveCfg = Release|Any CPU
		{ADFFE92F-2BB1-47A3-A8A7-90382FF630BC}.Release|Any CPU.Build.0 = Release|Any CPU
	EndGlobalSection
	GlobalSection(SolutionProperties) = preSolution
		HideSolutionNode = FALSE
	EndGlobalSection
	GlobalSection(ExtensibilityGlobals) = postSolution
		SolutionGuid = {6AEA4F1F-905F-4C0F-8E6E-26A62EBC3273}
	EndGlobalSection
EndGlobal
